// !$*UTF8*$!
{
	archiveVersion = 1;
	classes = {
	};
	objectVersion = 50;
	objects = {

/* Begin PBXBuildFile section */
		30406568237C73C20017471B /* LeagueVC.swift in Sources */ = {isa = PBXBuildFile; fileRef = 30406567237C73C20017471B /* LeagueVC.swift */; };
		3040656A237C73D50017471B /* SkillVC.swift in Sources */ = {isa = PBXBuildFile; fileRef = 30406569237C73D50017471B /* SkillVC.swift */; };
		3040656C237C82E40017471B /* Player.swift in Sources */ = {isa = PBXBuildFile; fileRef = 3040656B237C82E40017471B /* Player.swift */; };
		309DB3F62378A14300D7EEB3 /* AppDelegate.swift in Sources */ = {isa = PBXBuildFile; fileRef = 309DB3F52378A14300D7EEB3 /* AppDelegate.swift */; };
		309DB3F82378A14300D7EEB3 /* SceneDelegate.swift in Sources */ = {isa = PBXBuildFile; fileRef = 309DB3F72378A14300D7EEB3 /* SceneDelegate.swift */; };
		309DB3FA2378A14300D7EEB3 /* WelcomeVC.swift in Sources */ = {isa = PBXBuildFile; fileRef = 309DB3F92378A14300D7EEB3 /* WelcomeVC.swift */; };
		309DB3FD2378A14300D7EEB3 /* Main.storyboard in Resources */ = {isa = PBXBuildFile; fileRef = 309DB3FB2378A14300D7EEB3 /* Main.storyboard */; };
		309DB3FF2378A14600D7EEB3 /* Assets.xcassets in Resources */ = {isa = PBXBuildFile; fileRef = 309DB3FE2378A14600D7EEB3 /* Assets.xcassets */; };
		309DB4022378A14600D7EEB3 /* LaunchScreen.storyboard in Resources */ = {isa = PBXBuildFile; fileRef = 309DB4002378A14600D7EEB3 /* LaunchScreen.storyboard */; };
		309DB40B2378C31A00D7EEB3 /* BorderButton.swift in Sources */ = {isa = PBXBuildFile; fileRef = 309DB40A2378C31A00D7EEB3 /* BorderButton.swift */; };
/* End PBXBuildFile section */

/* Begin PBXFileReference section */
		30406567237C73C20017471B /* LeagueVC.swift */ = {isa = PBXFileReference; lastKnownFileType = sourcecode.swift; path = LeagueVC.swift; sourceTree = "<group>"; };
		30406569237C73D50017471B /* SkillVC.swift */ = {isa = PBXFileReference; lastKnownFileType = sourcecode.swift; path = SkillVC.swift; sourceTree = "<group>"; };
		3040656B237C82E40017471B /* Player.swift */ = {isa = PBXFileReference; lastKnownFileType = sourcecode.swift; path = Player.swift; sourceTree = "<group>"; };
		309DB3F22378A14300D7EEB3 /* Swoosh.app */ = {isa = PBXFileReference; explicitFileType = wrapper.application; includeInIndex = 0; path = Swoosh.app; sourceTree = BUILT_PRODUCTS_DIR; };
		309DB3F52378A14300D7EEB3 /* AppDelegate.swift */ = {isa = PBXFileReference; lastKnownFileType = sourcecode.swift; path = AppDelegate.swift; sourceTree = "<group>"; };
		309DB3F72378A14300D7EEB3 /* SceneDelegate.swift */ = {isa = PBXFileReference; lastKnownFileType = sourcecode.swift; path = SceneDelegate.swift; sourceTree = "<group>"; };
		309DB3F92378A14300D7EEB3 /* WelcomeVC.swift */ = {isa = PBXFileReference; lastKnownFileType = sourcecode.swift; path = WelcomeVC.swift; sourceTree = "<group>"; };
		309DB3FC2378A14300D7EEB3 /* Base */ = {isa = PBXFileReference; lastKnownFileType = file.storyboard; name = Base; path = Base.lproj/Main.storyboard; sourceTree = "<group>"; };
		309DB3FE2378A14600D7EEB3 /* Assets.xcassets */ = {isa = PBXFileReference; lastKnownFileType = folder.assetcatalog; path = Assets.xcassets; sourceTree = "<group>"; };
		309DB4012378A14600D7EEB3 /* Base */ = {isa = PBXFileReference; lastKnownFileType = file.storyboard; name = Base; path = Base.lproj/LaunchScreen.storyboard; sourceTree = "<group>"; };
		309DB4032378A14600D7EEB3 /* Info.plist */ = {isa = PBXFileReference; lastKnownFileType = text.plist.xml; path = Info.plist; sourceTree = "<group>"; };
		309DB40A2378C31A00D7EEB3 /* BorderButton.swift */ = {isa = PBXFileReference; lastKnownFileType = sourcecode.swift; path = BorderButton.swift; sourceTree = "<group>"; };
/* End PBXFileReference section */

/* Begin PBXFrameworksBuildPhase section */
		309DB3EF2378A14300D7EEB3 /* Frameworks */ = {
			isa = PBXFrameworksBuildPhase;
			buildActionMask = 2147483647;
			files = (
			);
			runOnlyForDeploymentPostprocessing = 0;
		};
/* End PBXFrameworksBuildPhase section */

/* Begin PBXGroup section */
		30406565237C49070017471B /* Controller */ = {
			isa = PBXGroup;
			children = (
				309DB3F92378A14300D7EEB3 /* WelcomeVC.swift */,
				30406567237C73C20017471B /* LeagueVC.swift */,
				30406569237C73D50017471B /* SkillVC.swift */,
			);
			path = Controller;
			sourceTree = "<group>";
		};
		30406566237C490F0017471B /* Model */ = {
			isa = PBXGroup;
			children = (
				3040656B237C82E40017471B /* Player.swift */,
			);
			path = Model;
			sourceTree = "<group>";
		};
		309DB3E92378A14300D7EEB3 = {
			isa = PBXGroup;
			children = (
				309DB3F42378A14300D7EEB3 /* Swoosh */,
				309DB3F32378A14300D7EEB3 /* Products */,
			);
			sourceTree = "<group>";
		};
		309DB3F32378A14300D7EEB3 /* Products */ = {
			isa = PBXGroup;
			children = (
				309DB3F22378A14300D7EEB3 /* Swoosh.app */,
			);
			name = Products;
			sourceTree = "<group>";
		};
		309DB3F42378A14300D7EEB3 /* Swoosh */ = {
			isa = PBXGroup;
			children = (
				30406566237C490F0017471B /* Model */,
				30406565237C49070017471B /* Controller */,
				309DB4092378C2CA00D7EEB3 /* View */,
				309DB3F52378A14300D7EEB3 /* AppDelegate.swift */,
				309DB3F72378A14300D7EEB3 /* SceneDelegate.swift */,
				309DB3FB2378A14300D7EEB3 /* Main.storyboard */,
				309DB3FE2378A14600D7EEB3 /* Assets.xcassets */,
				309DB4002378A14600D7EEB3 /* LaunchScreen.storyboard */,
				309DB4032378A14600D7EEB3 /* Info.plist */,
			);
			path = Swoosh;
			sourceTree = "<group>";
		};
		309DB4092378C2CA00D7EEB3 /* View */ = {
			isa = PBXGroup;
			children = (
				309DB40A2378C31A00D7EEB3 /* BorderButton.swift */,
			);
			path = View;
			sourceTree = "<group>";
		};
/* End PBXGroup section */

/* Begin PBXNativeTarget section */
		309DB3F12378A14300D7EEB3 /* Swoosh */ = {
			isa = PBXNativeTarget;
			buildConfigurationList = 309DB4062378A14600D7EEB3 /* Build configuration list for PBXNativeTarget "Swoosh" */;
			buildPhases = (
				309DB3EE2378A14300D7EEB3 /* Sources */,
				309DB3EF2378A14300D7EEB3 /* Frameworks */,
				309DB3F02378A14300D7EEB3 /* Resources */,
			);
			buildRules = (
			);
			dependencies = (
			);
			name = Swoosh;
			productName = Swoosh;
			productReference = 309DB3F22378A14300D7EEB3 /* Swoosh.app */;
			productType = "com.apple.product-type.application";
		};
/* End PBXNativeTarget section */

/* Begin PBXProject section */
		309DB3EA2378A14300D7EEB3 /* Project object */ = {
			isa = PBXProject;
			attributes = {
				LastSwiftUpdateCheck = 1110;
				LastUpgradeCheck = 1110;
				ORGANIZATIONNAME = "Leandro Estrada";
				TargetAttributes = {
					309DB3F12378A14300D7EEB3 = {
						CreatedOnToolsVersion = 11.1;
					};
				};
			};
			buildConfigurationList = 309DB3ED2378A14300D7EEB3 /* Build configuration list for PBXProject "Swoosh" */;
			compatibilityVersion = "Xcode 9.3";
			developmentRegion = en;
			hasScannedForEncodings = 0;
			knownRegions = (
				en,
				Base,
			);
			mainGroup = 309DB3E92378A14300D7EEB3;
			productRefGroup = 309DB3F32378A14300D7EEB3 /* Products */;
			projectDirPath = "";
			projectRoot = "";
			targets = (
				309DB3F12378A14300D7EEB3 /* Swoosh */,
			);
		};
/* End PBXProject section */

/* Begin PBXResourcesBuildPhase section */
		309DB3F02378A14300D7EEB3 /* Resources */ = {
			isa = PBXResourcesBuildPhase;
			buildActionMask = 2147483647;
			files = (
				309DB4022378A14600D7EEB3 /* LaunchScreen.storyboard in Resources */,
				309DB3FF2378A14600D7EEB3 /* Assets.xcassets in Resources */,
				309DB3FD2378A14300D7EEB3 /* Main.storyboard in Resources */,
			);
			runOnlyForDeploymentPostprocessing = 0;
		};
/* End PBXResourcesBuildPhase section */

/* Begin PBXSourcesBuildPhase section */
		309DB3EE2378A14300D7EEB3 /* Sources */ = {
			isa = PBXSourcesBuildPhase;
			buildActionMask = 2147483647;
			files = (
				30406568237C73C20017471B /* LeagueVC.swift in Sources */,
				309DB3FA2378A14300D7EEB3 /* WelcomeVC.swift in Sources */,
				309DB3F62378A14300D7EEB3 /* AppDelegate.swift in Sources */,
				309DB3F82378A14300D7EEB3 /* SceneDelegate.swift in Sources */,
				3040656C237C82E40017471B /* Player.swift in Sources */,
				3040656A237C73D50017471B /* SkillVC.swift in Sources */,
				309DB40B2378C31A00D7EEB3 /* BorderButton.swift in Sources */,
			);
			runOnlyForDeploymentPostprocessing = 0;
		};
/* End PBXSourcesBuildPhase section */

/* Begin PBXVariantGroup section */
		309DB3FB2378A14300D7EEB3 /* Main.storyboard */ = {
			isa = PBXVariantGroup;
			children = (
				309DB3FC2378A14300D7EEB3 /* Base */,
			);
			name = Main.storyboard;
			sourceTree = "<group>";
		};
		309DB4002378A14600D7EEB3 /* LaunchScreen.storyboard */ = {
			isa = PBXVariantGroup;
			children = (
				309DB4012378A14600D7EEB3 /* Base */,
			);
			name = LaunchScreen.storyboard;
			sourceTree = "<group>";
		};
/* End PBXVariantGroup section */

/* Begin XCBuildConfiguration section */
		309DB4042378A14600D7EEB3 /* Debug */ = {
			isa = XCBuildConfiguration;
			buildSettings = {
				ALWAYS_SEARCH_USER_PATHS = NO;
				CLANG_ANALYZER_NONNULL = YES;
				CLANG_ANALYZER_NUMBER_OBJECT_CONVERSION = YES_AGGRESSIVE;
				CLANG_CXX_LANGUAGE_STANDARD = "gnu++14";
				CLANG_CXX_LIBRARY = "libc++";
				CLANG_ENABLE_MODULES = YES;
				CLANG_ENABLE_OBJC_ARC = YES;
				CLANG_ENABLE_OBJC_WEAK = YES;
				CLANG_WARN_BLOCK_CAPTURE_AUTORELEASING = YES;
				CLANG_WARN_BOOL_CONVERSION = YES;
				CLANG_WARN_COMMA = YES;
				CLANG_WARN_CONSTANT_CONVERSION = YES;
				CLANG_WARN_DEPRECATED_OBJC_IMPLEMENTATIONS = YES;
				CLANG_WARN_DIRECT_OBJC_ISA_USAGE = YES_ERROR;
				CLANG_WARN_DOCUMENTATION_COMMENTS = YES;
				CLANG_WARN_EMPTY_BODY = YES;
				CLANG_WARN_ENUM_CONVERSION = YES;
				CLANG_WARN_INFINITE_RECURSION = YES;
				CLANG_WARN_INT_CONVERSION = YES;
				CLANG_WARN_NON_LITERAL_NULL_CONVERSION = YES;
				CLANG_WARN_OBJC_IMPLICIT_RETAIN_SELF = YES;
				CLANG_WARN_OBJC_LITERAL_CONVERSION = YES;
				CLANG_WARN_OBJC_ROOT_CLASS = YES_ERROR;
				CLANG_WARN_RANGE_LOOP_ANALYSIS = YES;
				CLANG_WARN_STRICT_PROTOTYPES = YES;
				CLANG_WARN_SUSPICIOUS_MOVE = YES;
				CLANG_WARN_UNGUARDED_AVAILABILITY = YES_AGGRESSIVE;
				CLANG_WARN_UNREACHABLE_CODE = YES;
				CLANG_WARN__DUPLICATE_METHOD_MATCH = YES;
				COPY_PHASE_STRIP = NO;
				DEBUG_INFORMATION_FORMAT = dwarf;
				ENABLE_STRICT_OBJC_MSGSEND = YES;
				ENABLE_TESTABILITY = YES;
				GCC_C_LANGUAGE_STANDARD = gnu11;
				GCC_DYNAMIC_NO_PIC = NO;
				GCC_NO_COMMON_BLOCKS = YES;
				GCC_OPTIMIZATION_LEVEL = 0;
				GCC_PREPROCESSOR_DEFINITIONS = (
					"DEBUG=1",
					"$(inherited)",
				);
				GCC_WARN_64_TO_32_BIT_CONVERSION = YES;
				GCC_WARN_ABOUT_RETURN_TYPE = YES_ERROR;
				GCC_WARN_UNDECLARED_SELECTOR = YES;
				GCC_WARN_UNINITIALIZED_AUTOS = YES_AGGRESSIVE;
				GCC_WARN_UNUSED_FUNCTION = YES;
				GCC_WARN_UNUSED_VARIABLE = YES;
				IPHONEOS_DEPLOYMENT_TARGET = 13.0;
				MTL_ENABLE_DEBUG_INFO = INCLUDE_SOURCE;
				MTL_FAST_MATH = YES;
				ONLY_ACTIVE_ARCH = YES;
				SDKROOT = iphoneos;
				SWIFT_ACTIVE_COMPILATION_CONDITIONS = DEBUG;
				SWIFT_OPTIMIZATION_LEVEL = "-Onone";
			};
			name = Debug;
		};
		309DB4052378A14600D7EEB3 /* Release */ = {
			isa = XCBuildConfiguration;
			buildSettings = {
				ALWAYS_SEARCH_USER_PATHS = NO;
				CLANG_ANALYZER_NONNULL = YES;
				CLANG_ANALYZER_NUMBER_OBJECT_CONVERSION = YES_AGGRESSIVE;
				CLANG_CXX_LANGUAGE_STANDARD = "gnu++14";
				CLANG_CXX_LIBRARY = "libc++";
				CLANG_ENABLE_MODULES = YES;
				CLANG_ENABLE_OBJC_ARC = YES;
				CLANG_ENABLE_OBJC_WEAK = YES;
				CLANG_WARN_BLOCK_CAPTURE_AUTORELEASING = YES;
				CLANG_WARN_BOOL_CONVERSION = YES;
				CLANG_WARN_COMMA = YES;
				CLANG_WARN_CONSTANT_CONVERSION = YES;
				CLANG_WARN_DEPRECATED_OBJC_IMPLEMENTATIONS = YES;
				CLANG_WARN_DIRECT_OBJC_ISA_USAGE = YES_ERROR;
				CLANG_WARN_DOCUMENTATION_COMMENTS = YES;
				CLANG_WARN_EMPTY_BODY = YES;
				CLANG_WARN_ENUM_CONVERSION = YES;
				CLANG_WARN_INFINITE_RECURSION = YES;
				CLANG_WARN_INT_CONVERSION = YES;
				CLANG_WARN_NON_LITERAL_NULL_CONVERSION = YES;
				CLANG_WARN_OBJC_IMPLICIT_RETAIN_SELF = YES;
				CLANG_WARN_OBJC_LITERAL_CONVERSION = YES;
				CLANG_WARN_OBJC_ROOT_CLASS = YES_ERROR;
				CLANG_WARN_RANGE_LOOP_ANALYSIS = YES;
				CLANG_WARN_STRICT_PROTOTYPES = YES;
				CLANG_WARN_SUSPICIOUS_MOVE = YES;
				CLANG_WARN_UNGUARDED_AVAILABILITY = YES_AGGRESSIVE;
				CLANG_WARN_UNREACHABLE_CODE = YES;
				CLANG_WARN__DUPLICATE_METHOD_MATCH = YES;
				COPY_PHASE_STRIP = NO;
				DEBUG_INFORMATION_FORMAT = "dwarf-with-dsym";
				ENABLE_NS_ASSERTIONS = NO;
				ENABLE_STRICT_OBJC_MSGSEND = YES;
				GCC_C_LANGUAGE_STANDARD = gnu11;
				GCC_NO_COMMON_BLOCKS = YES;
				GCC_WARN_64_TO_32_BIT_CONVERSION = YES;
				GCC_WARN_ABOUT_RETURN_TYPE = YES_ERROR;
				GCC_WARN_UNDECLARED_SELECTOR = YES;
				GCC_WARN_UNINITIALIZED_AUTOS = YES_AGGRESSIVE;
				GCC_WARN_UNUSED_FUNCTION = YES;
				GCC_WARN_UNUSED_VARIABLE = YES;
				IPHONEOS_DEPLOYMENT_TARGET = 13.0;
				MTL_ENABLE_DEBUG_INFO = NO;
				MTL_FAST_MATH = YES;
				SDKROOT = iphoneos;
				SWIFT_COMPILATION_MODE = wholemodule;
				SWIFT_OPTIMIZATION_LEVEL = "-O";
				VALIDATE_PRODUCT = YES;
			};
			name = Release;
		};
		309DB4072378A14600D7EEB3 /* Debug */ = {
			isa = XCBuildConfiguration;
			buildSettings = {
				ASSETCATALOG_COMPILER_APPICON_NAME = AppIcon;
				CODE_SIGN_STYLE = Automatic;
				DEVELOPMENT_TEAM = 5F3426985K;
				INFOPLIST_FILE = Swoosh/Info.plist;
				LD_RUNPATH_SEARCH_PATHS = (
					"$(inherited)",
					"@executable_path/Frameworks",
				);
				PRODUCT_BUNDLE_IDENTIFIER = com.leandro.Swoosh;
				PRODUCT_NAME = "$(TARGET_NAME)";
				SWIFT_VERSION = 4.0;
				TARGETED_DEVICE_FAMILY = "1,2";
			};
			name = Debug;
		};
		309DB4082378A14600D7EEB3 /* Release */ = {
			isa = XCBuildConfiguration;
			buildSettings = {
				ASSETCATALOG_COMPILER_APPICON_NAME = AppIcon;
				CODE_SIGN_STYLE = Automatic;
				DEVELOPMENT_TEAM = 5F3426985K;
				INFOPLIST_FILE = Swoosh/Info.plist;
				LD_RUNPATH_SEARCH_PATHS = (
					"$(inherited)",
					"@executable_path/Frameworks",
				);
				PRODUCT_BUNDLE_IDENTIFIER = com.leandro.Swoosh;
				PRODUCT_NAME = "$(TARGET_NAME)";
				SWIFT_VERSION = 4.0;
				TARGETED_DEVICE_FAMILY = "1,2";
			};
			name = Release;
		};
/* End XCBuildConfiguration section */

/* Begin XCConfigurationList section */
		309DB3ED2378A14300D7EEB3 /* Build configuration list for PBXProject "Swoosh" */ = {
			isa = XCConfigurationList;
			buildConfigurations = (
				309DB4042378A14600D7EEB3 /* Debug */,
				309DB4052378A14600D7EEB3 /* Release */,
			);
			defaultConfigurationIsVisible = 0;
			defaultConfigurationName = Release;
		};
		309DB4062378A14600D7EEB3 /* Build configuration list for PBXNativeTarget "Swoosh" */ = {
			isa = XCConfigurationList;
			buildConfigurations = (
				309DB4072378A14600D7EEB3 /* Debug */,
				309DB4082378A14600D7EEB3 /* Release */,
			);
			defaultConfigurationIsVisible = 0;
			defaultConfigurationName = Release;
		};
/* End XCConfigurationList section */
	};
	rootObject = 309DB3EA2378A14300D7EEB3 /* Project object */;
}
